
Microsoft Visual Studio Solution File, Format Version 12.00
# Visual Studio Version 17
VisualStudioVersion = 17.0.32112.339
MinimumVisualStudioVersion = 10.0.40219.1
Project("{FAE04EC0-301F-11D3-BF4B-00C04F79EFBC}") = "Exercicio1", "Exercicio\Exercicio1.csproj", "{6855F68F-9B88-461C-BD75-75B131048592}"
EndProject
Project("{FAE04EC0-301F-11D3-BF4B-00C04F79EFBC}") = "Exercicio2", "Exercicio2\Exercicio2.csproj", "{0587D207-3C21-421E-93A9-BA187E8F8D0B}"
EndProject
Project("{FAE04EC0-301F-11D3-BF4B-00C04F79EFBC}") = "Exercicio3", "Exercicio3\Exercicio3.csproj", "{9C954224-DEB8-4576-976F-137FC19F910F}"
EndProject
Project("{FAE04EC0-301F-11D3-BF4B-00C04F79EFBC}") = "Exercicio4", "Exercicio4\Exercicio4.csproj", "{9BAD7037-0B2B-459C-91D6-FD5256C2E583}"
EndProject
Global
	GlobalSection(SolutionConfigurationPlatforms) = preSolution
		Debug|Any CPU = Debug|Any CPU
		Release|Any CPU = Release|Any CPU
	EndGlobalSection
	GlobalSection(ProjectConfigurationPlatforms) = postSolution
		{6855F68F-9B88-461C-BD75-75B131048592}.Debug|Any CPU.ActiveCfg = Debug|Any CPU
		{6855F68F-9B88-461C-BD75-75B131048592}.Debug|Any CPU.Build.0 = Debug|Any CPU
		{6855F68F-9B88-461C-BD75-75B131048592}.Release|Any CPU.ActiveCfg = Release|Any CPU
		{6855F68F-9B88-461C-BD75-75B131048592}.Release|Any CPU.Build.0 = Release|Any CPU
		{0587D207-3C21-421E-93A9-BA187E8F8D0B}.Debug|Any CPU.ActiveCfg = Debug|Any CPU
		{0587D207-3C21-421E-93A9-BA187E8F8D0B}.Debug|Any CPU.Build.0 = Debug|Any CPU
		{0587D207-3C21-421E-93A9-BA187E8F8D0B}.Release|Any CPU.ActiveCfg = Release|Any CPU
		{0587D207-3C21-421E-93A9-BA187E8F8D0B}.Release|Any CPU.Build.0 = Release|Any CPU
		{9C954224-DEB8-4576-976F-137FC19F910F}.Debug|Any CPU.ActiveCfg = Debug|Any CPU
		{9C954224-DEB8-4576-976F-137FC19F910F}.Debug|Any CPU.Build.0 = Debug|Any CPU
		{9C954224-DEB8-4576-976F-137FC19F910F}.Release|Any CPU.ActiveCfg = Release|Any CPU
		{9C954224-DEB8-4576-976F-137FC19F910F}.Release|Any CPU.Build.0 = Release|Any CPU
		{9BAD7037-0B2B-459C-91D6-FD5256C2E583}.Debug|Any CPU.ActiveCfg = Debug|Any CPU
		{9BAD7037-0B2B-459C-91D6-FD5256C2E583}.Debug|Any CPU.Build.0 = Debug|Any CPU
		{9BAD7037-0B2B-459C-91D6-FD5256C2E583}.Release|Any CPU.ActiveCfg = Release|Any CPU
		{9BAD7037-0B2B-459C-91D6-FD5256C2E583}.Release|Any CPU.Build.0 = Release|Any CPU
	EndGlobalSection
	GlobalSection(SolutionProperties) = preSolution
		HideSolutionNode = FALSE
	EndGlobalSection
	GlobalSection(ExtensibilityGlobals) = postSolution
		SolutionGuid = {CB6DFBFD-2FDA-4704-A4D9-BFF63BA81702}
	EndGlobalSection
EndGlobal
